
Microsoft Visual Studio Solution File, Format Version 12.00
# Visual Studio 14
VisualStudioVersion = 14.0.25123.0
MinimumVisualStudioVersion = 10.0.40219.1
Project("{FAE04EC0-301F-11D3-BF4B-00C04F79EFBC}") = "Xamarin.Forms.Xaml.LiveReload", "Xamarin.Forms.Xaml.LiveReload\Xamarin.Forms.Xaml.LiveReload.csproj", "{836C782C-6718-4B06-AA9A-3FA297D20DDD}"
EndProject
Project("{FAE04EC0-301F-11D3-BF4B-00C04F79EFBC}") = "Xamarin.Forms.Xaml.LiveReload.iOS", "Xamarin.Forms.Xaml.LiveReload.iOS\Xamarin.Forms.Xaml.LiveReload.iOS.csproj", "{E28DE7C6-EE2B-4E12-BE12-4FA163EAB2F6}"
EndProject
Project("{FAE04EC0-301F-11D3-BF4B-00C04F79EFBC}") = "Xamarin.Forms.Xaml.LiveReload.Server", "Xamarin.Forms.Xaml.LiveReload.Server\Xamarin.Forms.Xaml.LiveReload.Server.csproj", "{ED78874C-0C89-4B72-8DA2-7437CB5F24DB}"
EndProject
Project("{FAE04EC0-301F-11D3-BF4B-00C04F79EFBC}") = "Xamarin.Forms.Xaml.LiveReload.Test.iOS", "Xamarin.Forms.Xaml.LiveReload.Test.iOS\Xamarin.Forms.Xaml.LiveReload.Test.iOS.csproj", "{51E070CA-FD34-42B3-A96A-711AAB6198ED}"
EndProject
Project("{FAE04EC0-301F-11D3-BF4B-00C04F79EFBC}") = "Xamarin.Forms.Xaml.LiveReload.Test", "Xamarin.Forms.Xaml.LiveReload.Test\Xamarin.Forms.Xaml.LiveReload.Test.csproj", "{9E51429F-217C-4E7A-85A4-2B3E556C6291}"
EndProject
Project("{2150E333-8FDC-42A3-9474-1A3956D46DE8}") = "Solution Items", "Solution Items", "{7E76A115-FF06-474D-819A-2A4FD4B5C3A1}"
	ProjectSection(SolutionItems) = preProject
		build.cake = build.cake
		build.cmd = build.cmd
		README.md = README.md
		Xamarin.Forms.Xaml.LiveReload.nuspec = Xamarin.Forms.Xaml.LiveReload.nuspec
	EndProjectSection
EndProject
Global
	GlobalSection(SolutionConfigurationPlatforms) = preSolution
		Ad-Hoc|Any CPU = Ad-Hoc|Any CPU
		Ad-Hoc|iPhone = Ad-Hoc|iPhone
		Ad-Hoc|iPhoneSimulator = Ad-Hoc|iPhoneSimulator
		AppStore|Any CPU = AppStore|Any CPU
		AppStore|iPhone = AppStore|iPhone
		AppStore|iPhoneSimulator = AppStore|iPhoneSimulator
		Debug|Any CPU = Debug|Any CPU
		Debug|iPhone = Debug|iPhone
		Debug|iPhoneSimulator = Debug|iPhoneSimulator
		Release|Any CPU = Release|Any CPU
		Release|iPhone = Release|iPhone
		Release|iPhoneSimulator = Release|iPhoneSimulator
	EndGlobalSection
	GlobalSection(ProjectConfigurationPlatforms) = postSolution
		{836C782C-6718-4B06-AA9A-3FA297D20DDD}.Ad-Hoc|Any CPU.ActiveCfg = Debug|Any CPU
		{836C782C-6718-4B06-AA9A-3FA297D20DDD}.Ad-Hoc|Any CPU.Build.0 = Debug|Any CPU
		{836C782C-6718-4B06-AA9A-3FA297D20DDD}.Ad-Hoc|iPhone.ActiveCfg = Debug|Any CPU
		{836C782C-6718-4B06-AA9A-3FA297D20DDD}.Ad-Hoc|iPhone.Build.0 = Debug|Any CPU
		{836C782C-6718-4B06-AA9A-3FA297D20DDD}.Ad-Hoc|iPhoneSimulator.ActiveCfg = Debug|Any CPU
		{836C782C-6718-4B06-AA9A-3FA297D20DDD}.Ad-Hoc|iPhoneSimulator.Build.0 = Debug|Any CPU
		{836C782C-6718-4B06-AA9A-3FA297D20DDD}.AppStore|Any CPU.ActiveCfg = Release|Any CPU
		{836C782C-6718-4B06-AA9A-3FA297D20DDD}.AppStore|Any CPU.Build.0 = Release|Any CPU
		{836C782C-6718-4B06-AA9A-3FA297D20DDD}.AppStore|iPhone.ActiveCfg = Debug|Any CPU
		{836C782C-6718-4B06-AA9A-3FA297D20DDD}.AppStore|iPhone.Build.0 = Debug|Any CPU
		{836C782C-6718-4B06-AA9A-3FA297D20DDD}.AppStore|iPhoneSimulator.ActiveCfg = Debug|Any CPU
		{836C782C-6718-4B06-AA9A-3FA297D20DDD}.AppStore|iPhoneSimulator.Build.0 = Debug|Any CPU
		{836C782C-6718-4B06-AA9A-3FA297D20DDD}.Debug|Any CPU.ActiveCfg = Debug|Any CPU
		{836C782C-6718-4B06-AA9A-3FA297D20DDD}.Debug|Any CPU.Build.0 = Debug|Any CPU
		{836C782C-6718-4B06-AA9A-3FA297D20DDD}.Debug|iPhone.ActiveCfg = Debug|Any CPU
		{836C782C-6718-4B06-AA9A-3FA297D20DDD}.Debug|iPhone.Build.0 = Debug|Any CPU
		{836C782C-6718-4B06-AA9A-3FA297D20DDD}.Debug|iPhoneSimulator.ActiveCfg = Debug|Any CPU
		{836C782C-6718-4B06-AA9A-3FA297D20DDD}.Debug|iPhoneSimulator.Build.0 = Debug|Any CPU
		{836C782C-6718-4B06-AA9A-3FA297D20DDD}.Release|Any CPU.ActiveCfg = Release|Any CPU
		{836C782C-6718-4B06-AA9A-3FA297D20DDD}.Release|Any CPU.Build.0 = Release|Any CPU
		{836C782C-6718-4B06-AA9A-3FA297D20DDD}.Release|iPhone.ActiveCfg = Release|Any CPU
		{836C782C-6718-4B06-AA9A-3FA297D20DDD}.Release|iPhone.Build.0 = Release|Any CPU
		{836C782C-6718-4B06-AA9A-3FA297D20DDD}.Release|iPhoneSimulator.ActiveCfg = Release|Any CPU
		{836C782C-6718-4B06-AA9A-3FA297D20DDD}.Release|iPhoneSimulator.Build.0 = Release|Any CPU
		{E28DE7C6-EE2B-4E12-BE12-4FA163EAB2F6}.Ad-Hoc|Any CPU.ActiveCfg = AppStore|Any CPU
		{E28DE7C6-EE2B-4E12-BE12-4FA163EAB2F6}.Ad-Hoc|Any CPU.Build.0 = AppStore|Any CPU
		{E28DE7C6-EE2B-4E12-BE12-4FA163EAB2F6}.Ad-Hoc|iPhone.ActiveCfg = AppStore|Any CPU
		{E28DE7C6-EE2B-4E12-BE12-4FA163EAB2F6}.Ad-Hoc|iPhone.Build.0 = AppStore|Any CPU
		{E28DE7C6-EE2B-4E12-BE12-4FA163EAB2F6}.Ad-Hoc|iPhoneSimulator.ActiveCfg = AppStore|Any CPU
		{E28DE7C6-EE2B-4E12-BE12-4FA163EAB2F6}.Ad-Hoc|iPhoneSimulator.Build.0 = AppStore|Any CPU
		{E28DE7C6-EE2B-4E12-BE12-4FA163EAB2F6}.AppStore|Any CPU.ActiveCfg = AppStore|Any CPU
		{E28DE7C6-EE2B-4E12-BE12-4FA163EAB2F6}.AppStore|Any CPU.Build.0 = AppStore|Any CPU
		{E28DE7C6-EE2B-4E12-BE12-4FA163EAB2F6}.AppStore|iPhone.ActiveCfg = AppStore|Any CPU
		{E28DE7C6-EE2B-4E12-BE12-4FA163EAB2F6}.AppStore|iPhone.Build.0 = AppStore|Any CPU
		{E28DE7C6-EE2B-4E12-BE12-4FA163EAB2F6}.AppStore|iPhoneSimulator.ActiveCfg = AppStore|Any CPU
		{E28DE7C6-EE2B-4E12-BE12-4FA163EAB2F6}.AppStore|iPhoneSimulator.Build.0 = AppStore|Any CPU
		{E28DE7C6-EE2B-4E12-BE12-4FA163EAB2F6}.Debug|Any CPU.ActiveCfg = Debug|Any CPU
		{E28DE7C6-EE2B-4E12-BE12-4FA163EAB2F6}.Debug|Any CPU.Build.0 = Debug|Any CPU
		{E28DE7C6-EE2B-4E12-BE12-4FA163EAB2F6}.Debug|iPhone.ActiveCfg = Debug|Any CPU
		{E28DE7C6-EE2B-4E12-BE12-4FA163EAB2F6}.Debug|iPhone.Build.0 = Debug|Any CPU
		{E28DE7C6-EE2B-4E12-BE12-4FA163EAB2F6}.Debug|iPhoneSimulator.ActiveCfg = Debug|Any CPU
		{E28DE7C6-EE2B-4E12-BE12-4FA163EAB2F6}.Debug|iPhoneSimulator.Build.0 = Debug|Any CPU
		{E28DE7C6-EE2B-4E12-BE12-4FA163EAB2F6}.Release|Any CPU.ActiveCfg = Release|Any CPU
		{E28DE7C6-EE2B-4E12-BE12-4FA163EAB2F6}.Release|Any CPU.Build.0 = Release|Any CPU
		{E28DE7C6-EE2B-4E12-BE12-4FA163EAB2F6}.Release|iPhone.ActiveCfg = Release|Any CPU
		{E28DE7C6-EE2B-4E12-BE12-4FA163EAB2F6}.Release|iPhone.Build.0 = Release|Any CPU
		{E28DE7C6-EE2B-4E12-BE12-4FA163EAB2F6}.Release|iPhoneSimulator.ActiveCfg = Release|Any CPU
		{E28DE7C6-EE2B-4E12-BE12-4FA163EAB2F6}.Release|iPhoneSimulator.Build.0 = Release|Any CPU
		{ED78874C-0C89-4B72-8DA2-7437CB5F24DB}.Ad-Hoc|Any CPU.ActiveCfg = Release|Any CPU
		{ED78874C-0C89-4B72-8DA2-7437CB5F24DB}.Ad-Hoc|Any CPU.Build.0 = Release|Any CPU
		{ED78874C-0C89-4B72-8DA2-7437CB5F24DB}.Ad-Hoc|iPhone.ActiveCfg = Release|Any CPU
		{ED78874C-0C89-4B72-8DA2-7437CB5F24DB}.Ad-Hoc|iPhone.Build.0 = Release|Any CPU
		{ED78874C-0C89-4B72-8DA2-7437CB5F24DB}.Ad-Hoc|iPhoneSimulator.ActiveCfg = Release|Any CPU
		{ED78874C-0C89-4B72-8DA2-7437CB5F24DB}.Ad-Hoc|iPhoneSimulator.Build.0 = Release|Any CPU
		{ED78874C-0C89-4B72-8DA2-7437CB5F24DB}.AppStore|Any CPU.ActiveCfg = Release|Any CPU
		{ED78874C-0C89-4B72-8DA2-7437CB5F24DB}.AppStore|Any CPU.Build.0 = Release|Any CPU
		{ED78874C-0C89-4B72-8DA2-7437CB5F24DB}.AppStore|iPhone.ActiveCfg = Release|Any CPU
		{ED78874C-0C89-4B72-8DA2-7437CB5F24DB}.AppStore|iPhone.Build.0 = Release|Any CPU
		{ED78874C-0C89-4B72-8DA2-7437CB5F24DB}.AppStore|iPhoneSimulator.ActiveCfg = Release|Any CPU
		{ED78874C-0C89-4B72-8DA2-7437CB5F24DB}.AppStore|iPhoneSimulator.Build.0 = Release|Any CPU
		{ED78874C-0C89-4B72-8DA2-7437CB5F24DB}.Debug|Any CPU.ActiveCfg = Debug|Any CPU
		{ED78874C-0C89-4B72-8DA2-7437CB5F24DB}.Debug|Any CPU.Build.0 = Debug|Any CPU
		{ED78874C-0C89-4B72-8DA2-7437CB5F24DB}.Debug|iPhone.ActiveCfg = Debug|Any CPU
		{ED78874C-0C89-4B72-8DA2-7437CB5F24DB}.Debug|iPhone.Build.0 = Debug|Any CPU
		{ED78874C-0C89-4B72-8DA2-7437CB5F24DB}.Debug|iPhoneSimulator.ActiveCfg = Debug|Any CPU
		{ED78874C-0C89-4B72-8DA2-7437CB5F24DB}.Debug|iPhoneSimulator.Build.0 = Debug|Any CPU
		{ED78874C-0C89-4B72-8DA2-7437CB5F24DB}.Release|Any CPU.ActiveCfg = Release|Any CPU
		{ED78874C-0C89-4B72-8DA2-7437CB5F24DB}.Release|Any CPU.Build.0 = Release|Any CPU
		{ED78874C-0C89-4B72-8DA2-7437CB5F24DB}.Release|iPhone.ActiveCfg = Release|Any CPU
		{ED78874C-0C89-4B72-8DA2-7437CB5F24DB}.Release|iPhone.Build.0 = Release|Any CPU
		{ED78874C-0C89-4B72-8DA2-7437CB5F24DB}.Release|iPhoneSimulator.ActiveCfg = Release|Any CPU
		{ED78874C-0C89-4B72-8DA2-7437CB5F24DB}.Release|iPhoneSimulator.Build.0 = Release|Any CPU
		{51E070CA-FD34-42B3-A96A-711AAB6198ED}.Ad-Hoc|Any CPU.ActiveCfg = Ad-Hoc|iPhone
		{51E070CA-FD34-42B3-A96A-711AAB6198ED}.Ad-Hoc|iPhone.ActiveCfg = Ad-Hoc|iPhone
		{51E070CA-FD34-42B3-A96A-711AAB6198ED}.Ad-Hoc|iPhone.Build.0 = Ad-Hoc|iPhone
		{51E070CA-FD34-42B3-A96A-711AAB6198ED}.Ad-Hoc|iPhoneSimulator.ActiveCfg = Ad-Hoc|iPhoneSimulator
		{51E070CA-FD34-42B3-A96A-711AAB6198ED}.Ad-Hoc|iPhoneSimulator.Build.0 = Ad-Hoc|iPhoneSimulator
		{51E070CA-FD34-42B3-A96A-711AAB6198ED}.AppStore|Any CPU.ActiveCfg = AppStore|iPhone
		{51E070CA-FD34-42B3-A96A-711AAB6198ED}.AppStore|iPhone.ActiveCfg = AppStore|iPhone
		{51E070CA-FD34-42B3-A96A-711AAB6198ED}.AppStore|iPhone.Build.0 = AppStore|iPhone
		{51E070CA-FD34-42B3-A96A-711AAB6198ED}.AppStore|iPhoneSimulator.ActiveCfg = AppStore|iPhoneSimulator
		{51E070CA-FD34-42B3-A96A-711AAB6198ED}.AppStore|iPhoneSimulator.Build.0 = AppStore|iPhoneSimulator
		{51E070CA-FD34-42B3-A96A-711AAB6198ED}.Debug|Any CPU.ActiveCfg = Debug|iPhone
		{51E070CA-FD34-42B3-A96A-711AAB6198ED}.Debug|Any CPU.Build.0 = Debug|iPhone
		{51E070CA-FD34-42B3-A96A-711AAB6198ED}.Debug|iPhone.ActiveCfg = Debug|iPhone
		{51E070CA-FD34-42B3-A96A-711AAB6198ED}.Debug|iPhone.Build.0 = Debug|iPhone
		{51E070CA-FD34-42B3-A96A-711AAB6198ED}.Debug|iPhoneSimulator.ActiveCfg = Debug|iPhoneSimulator
		{51E070CA-FD34-42B3-A96A-711AAB6198ED}.Debug|iPhoneSimulator.Build.0 = Debug|iPhoneSimulator
		{51E070CA-FD34-42B3-A96A-711AAB6198ED}.Release|Any CPU.ActiveCfg = Release|iPhone
		{51E070CA-FD34-42B3-A96A-711AAB6198ED}.Release|Any CPU.Build.0 = Release|iPhone
		{51E070CA-FD34-42B3-A96A-711AAB6198ED}.Release|iPhone.ActiveCfg = Release|iPhone
		{51E070CA-FD34-42B3-A96A-711AAB6198ED}.Release|iPhone.Build.0 = Release|iPhone
		{51E070CA-FD34-42B3-A96A-711AAB6198ED}.Release|iPhoneSimulator.ActiveCfg = Release|iPhoneSimulator
		{51E070CA-FD34-42B3-A96A-711AAB6198ED}.Release|iPhoneSimulator.Build.0 = Release|iPhoneSimulator
		{9E51429F-217C-4E7A-85A4-2B3E556C6291}.Ad-Hoc|Any CPU.ActiveCfg = Release|Any CPU
		{9E51429F-217C-4E7A-85A4-2B3E556C6291}.Ad-Hoc|Any CPU.Build.0 = Release|Any CPU
		{9E51429F-217C-4E7A-85A4-2B3E556C6291}.Ad-Hoc|iPhone.ActiveCfg = Release|Any CPU
		{9E51429F-217C-4E7A-85A4-2B3E556C6291}.Ad-Hoc|iPhone.Build.0 = Release|Any CPU
		{9E51429F-217C-4E7A-85A4-2B3E556C6291}.Ad-Hoc|iPhoneSimulator.ActiveCfg = Release|Any CPU
		{9E51429F-217C-4E7A-85A4-2B3E556C6291}.Ad-Hoc|iPhoneSimulator.Build.0 = Release|Any CPU
		{9E51429F-217C-4E7A-85A4-2B3E556C6291}.AppStore|Any CPU.ActiveCfg = Release|Any CPU
		{9E51429F-217C-4E7A-85A4-2B3E556C6291}.AppStore|Any CPU.Build.0 = Release|Any CPU
		{9E51429F-217C-4E7A-85A4-2B3E556C6291}.AppStore|iPhone.ActiveCfg = Release|Any CPU
		{9E51429F-217C-4E7A-85A4-2B3E556C6291}.AppStore|iPhone.Build.0 = Release|Any CPU
		{9E51429F-217C-4E7A-85A4-2B3E556C6291}.AppStore|iPhoneSimulator.ActiveCfg = Release|Any CPU
		{9E51429F-217C-4E7A-85A4-2B3E556C6291}.AppStore|iPhoneSimulator.Build.0 = Release|Any CPU
		{9E51429F-217C-4E7A-85A4-2B3E556C6291}.Debug|Any CPU.ActiveCfg = Debug|Any CPU
		{9E51429F-217C-4E7A-85A4-2B3E556C6291}.Debug|Any CPU.Build.0 = Debug|Any CPU
		{9E51429F-217C-4E7A-85A4-2B3E556C6291}.Debug|iPhone.ActiveCfg = Debug|Any CPU
		{9E51429F-217C-4E7A-85A4-2B3E556C6291}.Debug|iPhone.Build.0 = Debug|Any CPU
		{9E51429F-217C-4E7A-85A4-2B3E556C6291}.Debug|iPhoneSimulator.ActiveCfg = Debug|Any CPU
		{9E51429F-217C-4E7A-85A4-2B3E556C6291}.Debug|iPhoneSimulator.Build.0 = Debug|Any CPU
		{9E51429F-217C-4E7A-85A4-2B3E556C6291}.Release|Any CPU.ActiveCfg = Release|Any CPU
		{9E51429F-217C-4E7A-85A4-2B3E556C6291}.Release|Any CPU.Build.0 = Release|Any CPU
		{9E51429F-217C-4E7A-85A4-2B3E556C6291}.Release|iPhone.ActiveCfg = Release|Any CPU
		{9E51429F-217C-4E7A-85A4-2B3E556C6291}.Release|iPhone.Build.0 = Release|Any CPU
		{9E51429F-217C-4E7A-85A4-2B3E556C6291}.Release|iPhoneSimulator.ActiveCfg = Release|Any CPU
		{9E51429F-217C-4E7A-85A4-2B3E556C6291}.Release|iPhoneSimulator.Build.0 = Release|Any CPU
	EndGlobalSection
	GlobalSection(SolutionProperties) = preSolution
		HideSolutionNode = FALSE
	EndGlobalSection
EndGlobal
